{
  "nodes": {
    "cpiotools": {
      "inputs": {
        "nixpkgs": "nixpkgs"
      },
      "locked": {
        "lastModified": 1702755016,
        "narHash": "sha256-avRrxBjC+z3XcKjosv6vzRlyDRNIKt/Dw7/pEzcTvYY=",
        "owner": "DeterminateSystems",
        "repo": "cpiotools",
        "rev": "189f7f5f672eb496bbba441aca1cdb208cb592ec",
        "type": "github"
      },
      "original": {
        "owner": "DeterminateSystems",
        "repo": "cpiotools",
        "type": "github"
      }
    },
    "flake-compat": {
      "flake": false,
      "locked": {
        "lastModified": 1696426674,
        "narHash": "sha256-kvjfFW7WAETZlt09AgDn1MrtKzP7t90Vf7vypd3OL1U=",
        "owner": "edolstra",
        "repo": "flake-compat",
        "rev": "0f9255e01c2351cc7d116c072cb317785dd33b33",
        "type": "github"
      },
      "original": {
        "owner": "edolstra",
        "repo": "flake-compat",
        "type": "github"
      }
    },
    "nix-netboot-serve": {
      "inputs": {
        "cpiotools": "cpiotools",
        "nixpkgs": [
          "nixpkgs"
        ]
      },
      "locked": {
        "lastModified": 1706048018,
        "narHash": "sha256-9ORWhjBglA4CJi10ioQaH+f1OntVA8VIOUF+HtKA4uw=",
        "owner": "DeterminateSystems",
        "repo": "nix-netboot-serve",
        "rev": "f9563484855e71445256a625141b9c8d5441a43b",
        "type": "github"
      },
      "original": {
        "owner": "DeterminateSystems",
        "repo": "nix-netboot-serve",
        "type": "github"
      }
    },
    "nixpkgs": {
      "locked": {
        "lastModified": 1655567057,
        "narHash": "sha256-Cc5hQSMsTzOHmZnYm8OSJ5RNUp22bd5NADWLHorULWQ=",
        "owner": "nixos",
        "repo": "nixpkgs",
        "rev": "e0a42267f73ea52adc061a64650fddc59906fc99",
        "type": "github"
      },
      "original": {
        "owner": "nixos",
        "ref": "nixos-unstable",
        "repo": "nixpkgs",
        "type": "github"
      }
    },
    "nixpkgs_2": {
      "locked": {
        "lastModified": 1709812245,
        "narHash": "sha256-i/RysAZgUYsu8618g3yKG65J3CRUIOUPqo+TckMR6iE=",
        "owner": "nixos",
        "repo": "nixpkgs",
        "rev": "413506a7ca983170cc8c7bc47f0845a2e6e03e95",
        "type": "github"
      },
      "original": {
        "owner": "nixos",
        "ref": "nixos-unstable-small",
        "repo": "nixpkgs",
        "type": "github"
      }
    },
    "root": {
      "inputs": {
        "flake-compat": "flake-compat",
        "nix-netboot-serve": "nix-netboot-serve",
        "nixpkgs": "nixpkgs_2"
      }
    }
  },
  "root": "root",
  "version": 7
}
